
Microsoft Visual Studio Solution File, Format Version 12.00
# Visual Studio Version 16
VisualStudioVersion = 16.0.30907.101
MinimumVisualStudioVersion = 10.0.40219.1
Project("{FAE04EC0-301F-11D3-BF4B-00C04F79EFBC}") = "MultiChatServer", "MultiChat\MultiChatServer.csproj", "{D1FC3645-E920-4848-92CB-90739D91CAFD}"
EndProject
Global
	GlobalSection(SolutionConfigurationPlatforms) = preSolution
		Debug|Any CPU = Debug|Any CPU
		Release|Any CPU = Release|Any CPU
	EndGlobalSection
	GlobalSection(ProjectConfigurationPlatforms) = postSolution
		{D1FC3645-E920-4848-92CB-90739D91CAFD}.Debug|Any CPU.ActiveCfg = Debug|Any CPU
		{D1FC3645-E920-4848-92CB-90739D91CAFD}.Debug|Any CPU.Build.0 = Debug|Any CPU
		{D1FC3645-E920-4848-92CB-90739D91CAFD}.Release|Any CPU.ActiveCfg = Release|Any CPU
		{D1FC3645-E920-4848-92CB-90739D91CAFD}.Release|Any CPU.Build.0 = Release|Any CPU
	EndGlobalSection
	GlobalSection(SolutionProperties) = preSolution
		HideSolutionNode = FALSE
	EndGlobalSection
	GlobalSection(ExtensibilityGlobals) = postSolution
		SolutionGuid = {46CDBA50-0F95-456F-AD7C-722B024ED0C5}
	EndGlobalSection
EndGlobal
